
Microsoft Visual Studio Solution File, Format Version 12.00
# Visual Studio 14
VisualStudioVersion = 14.0.25420.1
MinimumVisualStudioVersion = 10.0.40219.1
Project("{FAE04EC0-301F-11D3-BF4B-00C04F79EFBC}") = "DiscriminatedUnion", "DiscriminatedUnion\DiscriminatedUnion.csproj", "{1777ABBD-3579-4B99-B2E2-24ED3E834F84}"
EndProject
Project("{FAE04EC0-301F-11D3-BF4B-00C04F79EFBC}") = "DiscriminatedUnionTests", "DiscriminatedUnionTests\DiscriminatedUnionTests.csproj", "{0B741851-0979-4333-BA94-49F3F6086C9A}"
EndProject
Project("{FAE04EC0-301F-11D3-BF4B-00C04F79EFBC}") = "DiscriminatedUnionAutoMap", "DiscriminatedUnionAutoMap\DiscriminatedUnionAutoMap.csproj", "{02FF4951-7724-450A-A34E-CE81E180326D}"
EndProject
Project("{FAE04EC0-301F-11D3-BF4B-00C04F79EFBC}") = "DiscriminatedUnionAutoMapTests", "DiscriminatedUnionAutoMapTests\DiscriminatedUnionAutoMapTests.csproj", "{C0BA2DCC-A6BE-437C-ACAF-3E35587A6DB3}"
EndProject
Project("{FAE04EC0-301F-11D3-BF4B-00C04F79EFBC}") = "DiscriminatedUnionJsonConverter", "DiscriminatedUnionJsonConverter\DiscriminatedUnionJsonConverter.csproj", "{5693CF0B-86D6-4E1D-985B-24C2E8ED6A17}"
EndProject
Project("{FAE04EC0-301F-11D3-BF4B-00C04F79EFBC}") = "DiscriminatedUnionJsonConverterTest", "DiscriminatedUnionJsonConverterTest\DiscriminatedUnionJsonConverterTest.csproj", "{156FD9E6-ECB1-42D5-8A98-B6F1ABFDAC69}"
EndProject
Global
	GlobalSection(SolutionConfigurationPlatforms) = preSolution
		Debug|Any CPU = Debug|Any CPU
		Debug|ARM = Debug|ARM
		Debug|x64 = Debug|x64
		Debug|x86 = Debug|x86
		Release|Any CPU = Release|Any CPU
		Release|ARM = Release|ARM
		Release|x64 = Release|x64
		Release|x86 = Release|x86
	EndGlobalSection
	GlobalSection(ProjectConfigurationPlatforms) = postSolution
		{1777ABBD-3579-4B99-B2E2-24ED3E834F84}.Debug|Any CPU.ActiveCfg = Debug|Any CPU
		{1777ABBD-3579-4B99-B2E2-24ED3E834F84}.Debug|Any CPU.Build.0 = Debug|Any CPU
		{1777ABBD-3579-4B99-B2E2-24ED3E834F84}.Debug|ARM.ActiveCfg = Debug|Any CPU
		{1777ABBD-3579-4B99-B2E2-24ED3E834F84}.Debug|ARM.Build.0 = Debug|Any CPU
		{1777ABBD-3579-4B99-B2E2-24ED3E834F84}.Debug|x64.ActiveCfg = Debug|Any CPU
		{1777ABBD-3579-4B99-B2E2-24ED3E834F84}.Debug|x64.Build.0 = Debug|Any CPU
		{1777ABBD-3579-4B99-B2E2-24ED3E834F84}.Debug|x86.ActiveCfg = Debug|Any CPU
		{1777ABBD-3579-4B99-B2E2-24ED3E834F84}.Debug|x86.Build.0 = Debug|Any CPU
		{1777ABBD-3579-4B99-B2E2-24ED3E834F84}.Release|Any CPU.ActiveCfg = Release|Any CPU
		{1777ABBD-3579-4B99-B2E2-24ED3E834F84}.Release|Any CPU.Build.0 = Release|Any CPU
		{1777ABBD-3579-4B99-B2E2-24ED3E834F84}.Release|ARM.ActiveCfg = Release|Any CPU
		{1777ABBD-3579-4B99-B2E2-24ED3E834F84}.Release|ARM.Build.0 = Release|Any CPU
		{1777ABBD-3579-4B99-B2E2-24ED3E834F84}.Release|x64.ActiveCfg = Release|Any CPU
		{1777ABBD-3579-4B99-B2E2-24ED3E834F84}.Release|x64.Build.0 = Release|Any CPU
		{1777ABBD-3579-4B99-B2E2-24ED3E834F84}.Release|x86.ActiveCfg = Release|Any CPU
		{1777ABBD-3579-4B99-B2E2-24ED3E834F84}.Release|x86.Build.0 = Release|Any CPU
		{0B741851-0979-4333-BA94-49F3F6086C9A}.Debug|Any CPU.ActiveCfg = Debug|Any CPU
		{0B741851-0979-4333-BA94-49F3F6086C9A}.Debug|Any CPU.Build.0 = Debug|Any CPU
		{0B741851-0979-4333-BA94-49F3F6086C9A}.Debug|ARM.ActiveCfg = Debug|Any CPU
		{0B741851-0979-4333-BA94-49F3F6086C9A}.Debug|ARM.Build.0 = Debug|Any CPU
		{0B741851-0979-4333-BA94-49F3F6086C9A}.Debug|x64.ActiveCfg = Debug|Any CPU
		{0B741851-0979-4333-BA94-49F3F6086C9A}.Debug|x64.Build.0 = Debug|Any CPU
		{0B741851-0979-4333-BA94-49F3F6086C9A}.Debug|x86.ActiveCfg = Debug|Any CPU
		{0B741851-0979-4333-BA94-49F3F6086C9A}.Debug|x86.Build.0 = Debug|Any CPU
		{0B741851-0979-4333-BA94-49F3F6086C9A}.Release|Any CPU.ActiveCfg = Release|Any CPU
		{0B741851-0979-4333-BA94-49F3F6086C9A}.Release|Any CPU.Build.0 = Release|Any CPU
		{0B741851-0979-4333-BA94-49F3F6086C9A}.Release|ARM.ActiveCfg = Release|Any CPU
		{0B741851-0979-4333-BA94-49F3F6086C9A}.Release|ARM.Build.0 = Release|Any CPU
		{0B741851-0979-4333-BA94-49F3F6086C9A}.Release|x64.ActiveCfg = Release|Any CPU
		{0B741851-0979-4333-BA94-49F3F6086C9A}.Release|x64.Build.0 = Release|Any CPU
		{0B741851-0979-4333-BA94-49F3F6086C9A}.Release|x86.ActiveCfg = Release|Any CPU
		{0B741851-0979-4333-BA94-49F3F6086C9A}.Release|x86.Build.0 = Release|Any CPU
		{02FF4951-7724-450A-A34E-CE81E180326D}.Debug|Any CPU.ActiveCfg = Debug|Any CPU
		{02FF4951-7724-450A-A34E-CE81E180326D}.Debug|Any CPU.Build.0 = Debug|Any CPU
		{02FF4951-7724-450A-A34E-CE81E180326D}.Debug|ARM.ActiveCfg = Debug|Any CPU
		{02FF4951-7724-450A-A34E-CE81E180326D}.Debug|ARM.Build.0 = Debug|Any CPU
		{02FF4951-7724-450A-A34E-CE81E180326D}.Debug|x64.ActiveCfg = Debug|Any CPU
		{02FF4951-7724-450A-A34E-CE81E180326D}.Debug|x64.Build.0 = Debug|Any CPU
		{02FF4951-7724-450A-A34E-CE81E180326D}.Debug|x86.ActiveCfg = Debug|Any CPU
		{02FF4951-7724-450A-A34E-CE81E180326D}.Debug|x86.Build.0 = Debug|Any CPU
		{02FF4951-7724-450A-A34E-CE81E180326D}.Release|Any CPU.ActiveCfg = Release|Any CPU
		{02FF4951-7724-450A-A34E-CE81E180326D}.Release|Any CPU.Build.0 = Release|Any CPU
		{02FF4951-7724-450A-A34E-CE81E180326D}.Release|ARM.ActiveCfg = Release|Any CPU
		{02FF4951-7724-450A-A34E-CE81E180326D}.Release|ARM.Build.0 = Release|Any CPU
		{02FF4951-7724-450A-A34E-CE81E180326D}.Release|x64.ActiveCfg = Release|Any CPU
		{02FF4951-7724-450A-A34E-CE81E180326D}.Release|x64.Build.0 = Release|Any CPU
		{02FF4951-7724-450A-A34E-CE81E180326D}.Release|x86.ActiveCfg = Release|Any CPU
		{02FF4951-7724-450A-A34E-CE81E180326D}.Release|x86.Build.0 = Release|Any CPU
		{C0BA2DCC-A6BE-437C-ACAF-3E35587A6DB3}.Debug|Any CPU.ActiveCfg = Debug|Any CPU
		{C0BA2DCC-A6BE-437C-ACAF-3E35587A6DB3}.Debug|Any CPU.Build.0 = Debug|Any CPU
		{C0BA2DCC-A6BE-437C-ACAF-3E35587A6DB3}.Debug|ARM.ActiveCfg = Debug|Any CPU
		{C0BA2DCC-A6BE-437C-ACAF-3E35587A6DB3}.Debug|ARM.Build.0 = Debug|Any CPU
		{C0BA2DCC-A6BE-437C-ACAF-3E35587A6DB3}.Debug|x64.ActiveCfg = Debug|Any CPU
		{C0BA2DCC-A6BE-437C-ACAF-3E35587A6DB3}.Debug|x64.Build.0 = Debug|Any CPU
		{C0BA2DCC-A6BE-437C-ACAF-3E35587A6DB3}.Debug|x86.ActiveCfg = Debug|Any CPU
		{C0BA2DCC-A6BE-437C-ACAF-3E35587A6DB3}.Debug|x86.Build.0 = Debug|Any CPU
		{C0BA2DCC-A6BE-437C-ACAF-3E35587A6DB3}.Release|Any CPU.ActiveCfg = Release|Any CPU
		{C0BA2DCC-A6BE-437C-ACAF-3E35587A6DB3}.Release|Any CPU.Build.0 = Release|Any CPU
		{C0BA2DCC-A6BE-437C-ACAF-3E35587A6DB3}.Release|ARM.ActiveCfg = Release|Any CPU
		{C0BA2DCC-A6BE-437C-ACAF-3E35587A6DB3}.Release|ARM.Build.0 = Release|Any CPU
		{C0BA2DCC-A6BE-437C-ACAF-3E35587A6DB3}.Release|x64.ActiveCfg = Release|Any CPU
		{C0BA2DCC-A6BE-437C-ACAF-3E35587A6DB3}.Release|x64.Build.0 = Release|Any CPU
		{C0BA2DCC-A6BE-437C-ACAF-3E35587A6DB3}.Release|x86.ActiveCfg = Release|Any CPU
		{C0BA2DCC-A6BE-437C-ACAF-3E35587A6DB3}.Release|x86.Build.0 = Release|Any CPU
		{5693CF0B-86D6-4E1D-985B-24C2E8ED6A17}.Debug|Any CPU.ActiveCfg = Debug|Any CPU
		{5693CF0B-86D6-4E1D-985B-24C2E8ED6A17}.Debug|Any CPU.Build.0 = Debug|Any CPU
		{5693CF0B-86D6-4E1D-985B-24C2E8ED6A17}.Debug|ARM.ActiveCfg = Debug|Any CPU
		{5693CF0B-86D6-4E1D-985B-24C2E8ED6A17}.Debug|ARM.Build.0 = Debug|Any CPU
		{5693CF0B-86D6-4E1D-985B-24C2E8ED6A17}.Debug|x64.ActiveCfg = Debug|Any CPU
		{5693CF0B-86D6-4E1D-985B-24C2E8ED6A17}.Debug|x64.Build.0 = Debug|Any CPU
		{5693CF0B-86D6-4E1D-985B-24C2E8ED6A17}.Debug|x86.ActiveCfg = Debug|Any CPU
		{5693CF0B-86D6-4E1D-985B-24C2E8ED6A17}.Debug|x86.Build.0 = Debug|Any CPU
		{5693CF0B-86D6-4E1D-985B-24C2E8ED6A17}.Release|Any CPU.ActiveCfg = Release|Any CPU
		{5693CF0B-86D6-4E1D-985B-24C2E8ED6A17}.Release|Any CPU.Build.0 = Release|Any CPU
		{5693CF0B-86D6-4E1D-985B-24C2E8ED6A17}.Release|ARM.ActiveCfg = Release|Any CPU
		{5693CF0B-86D6-4E1D-985B-24C2E8ED6A17}.Release|ARM.Build.0 = Release|Any CPU
		{5693CF0B-86D6-4E1D-985B-24C2E8ED6A17}.Release|x64.ActiveCfg = Release|Any CPU
		{5693CF0B-86D6-4E1D-985B-24C2E8ED6A17}.Release|x64.Build.0 = Release|Any CPU
		{5693CF0B-86D6-4E1D-985B-24C2E8ED6A17}.Release|x86.ActiveCfg = Release|Any CPU
		{5693CF0B-86D6-4E1D-985B-24C2E8ED6A17}.Release|x86.Build.0 = Release|Any CPU
		{156FD9E6-ECB1-42D5-8A98-B6F1ABFDAC69}.Debug|Any CPU.ActiveCfg = Debug|Any CPU
		{156FD9E6-ECB1-42D5-8A98-B6F1ABFDAC69}.Debug|Any CPU.Build.0 = Debug|Any CPU
		{156FD9E6-ECB1-42D5-8A98-B6F1ABFDAC69}.Debug|ARM.ActiveCfg = Debug|Any CPU
		{156FD9E6-ECB1-42D5-8A98-B6F1ABFDAC69}.Debug|ARM.Build.0 = Debug|Any CPU
		{156FD9E6-ECB1-42D5-8A98-B6F1ABFDAC69}.Debug|x64.ActiveCfg = Debug|Any CPU
		{156FD9E6-ECB1-42D5-8A98-B6F1ABFDAC69}.Debug|x64.Build.0 = Debug|Any CPU
		{156FD9E6-ECB1-42D5-8A98-B6F1ABFDAC69}.Debug|x86.ActiveCfg = Debug|Any CPU
		{156FD9E6-ECB1-42D5-8A98-B6F1ABFDAC69}.Debug|x86.Build.0 = Debug|Any CPU
		{156FD9E6-ECB1-42D5-8A98-B6F1ABFDAC69}.Release|Any CPU.ActiveCfg = Release|Any CPU
		{156FD9E6-ECB1-42D5-8A98-B6F1ABFDAC69}.Release|Any CPU.Build.0 = Release|Any CPU
		{156FD9E6-ECB1-42D5-8A98-B6F1ABFDAC69}.Release|ARM.ActiveCfg = Release|Any CPU
		{156FD9E6-ECB1-42D5-8A98-B6F1ABFDAC69}.Release|ARM.Build.0 = Release|Any CPU
		{156FD9E6-ECB1-42D5-8A98-B6F1ABFDAC69}.Release|x64.ActiveCfg = Release|Any CPU
		{156FD9E6-ECB1-42D5-8A98-B6F1ABFDAC69}.Release|x64.Build.0 = Release|Any CPU
		{156FD9E6-ECB1-42D5-8A98-B6F1ABFDAC69}.Release|x86.ActiveCfg = Release|Any CPU
		{156FD9E6-ECB1-42D5-8A98-B6F1ABFDAC69}.Release|x86.Build.0 = Release|Any CPU
	EndGlobalSection
	GlobalSection(SolutionProperties) = preSolution
		HideSolutionNode = FALSE
	EndGlobalSection
EndGlobal
