
Microsoft Visual Studio Solution File, Format Version 12.00
# Visual Studio Version 16
VisualStudioVersion = 16.0.28516.95
MinimumVisualStudioVersion = 10.0.40219.1
Project("{2150E333-8FDC-42A3-9474-1A3956D46DE8}") = ".common", ".common", "{44543414-0D9F-4A3A-8847-363C21BDD1C5}"
	ProjectSection(SolutionItems) = preProject
		.gitattributes = .gitattributes
		.gitignore = .gitignore
		appveyor.yml = appveyor.yml
		build.cmd = build.cmd
		build.fsx = build.fsx
		nuget.exe = nuget.exe
		README.md = README.md
	EndProjectSection
EndProject
Project("{9A19103F-16F7-4668-BE54-9A1E7A4F7556}") = "DiscriminatedUnion.Core", "DiscriminatedUnion.Core\DiscriminatedUnion.Core.csproj", "{9E0938D7-A8F4-4F12-AA0C-D22D759EB34F}"
EndProject
Project("{9A19103F-16F7-4668-BE54-9A1E7A4F7556}") = "DiscriminatedUnion.AutoMap", "DiscriminatedUnion.AutoMap\DiscriminatedUnion.AutoMap.csproj", "{F4E62D01-DF4D-4D51-993F-1D10978D491F}"
EndProject
Project("{9A19103F-16F7-4668-BE54-9A1E7A4F7556}") = "DiscriminatedUnion.Json", "DiscriminatedUnion.Json\DiscriminatedUnion.Json.csproj", "{F00E93AA-B4FF-4BD4-AAF9-2B98ADF3BD2E}"
EndProject
Project("{9A19103F-16F7-4668-BE54-9A1E7A4F7556}") = "DiscriminatedUnion.Core.Tests", "DiscriminatedUnion.Core.Tests\DiscriminatedUnion.Core.Tests.csproj", "{E93709ED-1DD9-4F0F-BED2-2665CCD16E94}"
EndProject
Project("{9A19103F-16F7-4668-BE54-9A1E7A4F7556}") = "DiscriminatedUnion.Json.Tests", "DiscriminatedUnion.Json.Tests\DiscriminatedUnion.Json.Tests.csproj", "{AFA9AE3D-4757-43E8-A24D-3CE3FB27B652}"
EndProject
Project("{9A19103F-16F7-4668-BE54-9A1E7A4F7556}") = "DiscriminatedUnion.AutoMap.Tests", "DiscriminatedUnion.AutoMap.Tests\DiscriminatedUnion.AutoMap.Tests.csproj", "{463BB507-02D6-4BC3-9BF5-43DE49D72E42}"
EndProject
Project("{FAE04EC0-301F-11D3-BF4B-00C04F79EFBC}") = "DiscriminatedUnion", "DiscriminatedUnion\DiscriminatedUnion.csproj", "{EF42A0BC-304F-41D7-BEBD-7326547E2736}"
EndProject
Global
	GlobalSection(SolutionConfigurationPlatforms) = preSolution
		Debug|Any CPU = Debug|Any CPU
		Debug|ARM = Debug|ARM
		Debug|x64 = Debug|x64
		Debug|x86 = Debug|x86
		Release|Any CPU = Release|Any CPU
		Release|ARM = Release|ARM
		Release|x64 = Release|x64
		Release|x86 = Release|x86
		Test|Any CPU = Test|Any CPU
		Test|ARM = Test|ARM
		Test|x64 = Test|x64
		Test|x86 = Test|x86
	EndGlobalSection
	GlobalSection(ProjectConfigurationPlatforms) = postSolution
		{9E0938D7-A8F4-4F12-AA0C-D22D759EB34F}.Debug|Any CPU.ActiveCfg = Debug|Any CPU
		{9E0938D7-A8F4-4F12-AA0C-D22D759EB34F}.Debug|Any CPU.Build.0 = Debug|Any CPU
		{9E0938D7-A8F4-4F12-AA0C-D22D759EB34F}.Debug|ARM.ActiveCfg = Debug|Any CPU
		{9E0938D7-A8F4-4F12-AA0C-D22D759EB34F}.Debug|ARM.Build.0 = Debug|Any CPU
		{9E0938D7-A8F4-4F12-AA0C-D22D759EB34F}.Debug|x64.ActiveCfg = Debug|Any CPU
		{9E0938D7-A8F4-4F12-AA0C-D22D759EB34F}.Debug|x64.Build.0 = Debug|Any CPU
		{9E0938D7-A8F4-4F12-AA0C-D22D759EB34F}.Debug|x86.ActiveCfg = Debug|Any CPU
		{9E0938D7-A8F4-4F12-AA0C-D22D759EB34F}.Debug|x86.Build.0 = Debug|Any CPU
		{9E0938D7-A8F4-4F12-AA0C-D22D759EB34F}.Release|Any CPU.ActiveCfg = Release|Any CPU
		{9E0938D7-A8F4-4F12-AA0C-D22D759EB34F}.Release|Any CPU.Build.0 = Release|Any CPU
		{9E0938D7-A8F4-4F12-AA0C-D22D759EB34F}.Release|ARM.ActiveCfg = Release|Any CPU
		{9E0938D7-A8F4-4F12-AA0C-D22D759EB34F}.Release|ARM.Build.0 = Release|Any CPU
		{9E0938D7-A8F4-4F12-AA0C-D22D759EB34F}.Release|x64.ActiveCfg = Release|Any CPU
		{9E0938D7-A8F4-4F12-AA0C-D22D759EB34F}.Release|x64.Build.0 = Release|Any CPU
		{9E0938D7-A8F4-4F12-AA0C-D22D759EB34F}.Release|x86.ActiveCfg = Release|Any CPU
		{9E0938D7-A8F4-4F12-AA0C-D22D759EB34F}.Release|x86.Build.0 = Release|Any CPU
		{9E0938D7-A8F4-4F12-AA0C-D22D759EB34F}.Test|Any CPU.ActiveCfg = Debug|Any CPU
		{9E0938D7-A8F4-4F12-AA0C-D22D759EB34F}.Test|Any CPU.Build.0 = Debug|Any CPU
		{9E0938D7-A8F4-4F12-AA0C-D22D759EB34F}.Test|ARM.ActiveCfg = Debug|Any CPU
		{9E0938D7-A8F4-4F12-AA0C-D22D759EB34F}.Test|ARM.Build.0 = Debug|Any CPU
		{9E0938D7-A8F4-4F12-AA0C-D22D759EB34F}.Test|x64.ActiveCfg = Debug|Any CPU
		{9E0938D7-A8F4-4F12-AA0C-D22D759EB34F}.Test|x64.Build.0 = Debug|Any CPU
		{9E0938D7-A8F4-4F12-AA0C-D22D759EB34F}.Test|x86.ActiveCfg = Debug|Any CPU
		{9E0938D7-A8F4-4F12-AA0C-D22D759EB34F}.Test|x86.Build.0 = Debug|Any CPU
		{F4E62D01-DF4D-4D51-993F-1D10978D491F}.Debug|Any CPU.ActiveCfg = Debug|Any CPU
		{F4E62D01-DF4D-4D51-993F-1D10978D491F}.Debug|Any CPU.Build.0 = Debug|Any CPU
		{F4E62D01-DF4D-4D51-993F-1D10978D491F}.Debug|ARM.ActiveCfg = Debug|Any CPU
		{F4E62D01-DF4D-4D51-993F-1D10978D491F}.Debug|ARM.Build.0 = Debug|Any CPU
		{F4E62D01-DF4D-4D51-993F-1D10978D491F}.Debug|x64.ActiveCfg = Debug|Any CPU
		{F4E62D01-DF4D-4D51-993F-1D10978D491F}.Debug|x64.Build.0 = Debug|Any CPU
		{F4E62D01-DF4D-4D51-993F-1D10978D491F}.Debug|x86.ActiveCfg = Debug|Any CPU
		{F4E62D01-DF4D-4D51-993F-1D10978D491F}.Debug|x86.Build.0 = Debug|Any CPU
		{F4E62D01-DF4D-4D51-993F-1D10978D491F}.Release|Any CPU.ActiveCfg = Release|Any CPU
		{F4E62D01-DF4D-4D51-993F-1D10978D491F}.Release|Any CPU.Build.0 = Release|Any CPU
		{F4E62D01-DF4D-4D51-993F-1D10978D491F}.Release|ARM.ActiveCfg = Release|Any CPU
		{F4E62D01-DF4D-4D51-993F-1D10978D491F}.Release|ARM.Build.0 = Release|Any CPU
		{F4E62D01-DF4D-4D51-993F-1D10978D491F}.Release|x64.ActiveCfg = Release|Any CPU
		{F4E62D01-DF4D-4D51-993F-1D10978D491F}.Release|x64.Build.0 = Release|Any CPU
		{F4E62D01-DF4D-4D51-993F-1D10978D491F}.Release|x86.ActiveCfg = Release|Any CPU
		{F4E62D01-DF4D-4D51-993F-1D10978D491F}.Release|x86.Build.0 = Release|Any CPU
		{F4E62D01-DF4D-4D51-993F-1D10978D491F}.Test|Any CPU.ActiveCfg = Debug|Any CPU
		{F4E62D01-DF4D-4D51-993F-1D10978D491F}.Test|Any CPU.Build.0 = Debug|Any CPU
		{F4E62D01-DF4D-4D51-993F-1D10978D491F}.Test|ARM.ActiveCfg = Debug|Any CPU
		{F4E62D01-DF4D-4D51-993F-1D10978D491F}.Test|ARM.Build.0 = Debug|Any CPU
		{F4E62D01-DF4D-4D51-993F-1D10978D491F}.Test|x64.ActiveCfg = Debug|Any CPU
		{F4E62D01-DF4D-4D51-993F-1D10978D491F}.Test|x64.Build.0 = Debug|Any CPU
		{F4E62D01-DF4D-4D51-993F-1D10978D491F}.Test|x86.ActiveCfg = Debug|Any CPU
		{F4E62D01-DF4D-4D51-993F-1D10978D491F}.Test|x86.Build.0 = Debug|Any CPU
		{F00E93AA-B4FF-4BD4-AAF9-2B98ADF3BD2E}.Debug|Any CPU.ActiveCfg = Debug|Any CPU
		{F00E93AA-B4FF-4BD4-AAF9-2B98ADF3BD2E}.Debug|Any CPU.Build.0 = Debug|Any CPU
		{F00E93AA-B4FF-4BD4-AAF9-2B98ADF3BD2E}.Debug|ARM.ActiveCfg = Debug|Any CPU
		{F00E93AA-B4FF-4BD4-AAF9-2B98ADF3BD2E}.Debug|ARM.Build.0 = Debug|Any CPU
		{F00E93AA-B4FF-4BD4-AAF9-2B98ADF3BD2E}.Debug|x64.ActiveCfg = Debug|Any CPU
		{F00E93AA-B4FF-4BD4-AAF9-2B98ADF3BD2E}.Debug|x64.Build.0 = Debug|Any CPU
		{F00E93AA-B4FF-4BD4-AAF9-2B98ADF3BD2E}.Debug|x86.ActiveCfg = Debug|Any CPU
		{F00E93AA-B4FF-4BD4-AAF9-2B98ADF3BD2E}.Debug|x86.Build.0 = Debug|Any CPU
		{F00E93AA-B4FF-4BD4-AAF9-2B98ADF3BD2E}.Release|Any CPU.ActiveCfg = Release|Any CPU
		{F00E93AA-B4FF-4BD4-AAF9-2B98ADF3BD2E}.Release|Any CPU.Build.0 = Release|Any CPU
		{F00E93AA-B4FF-4BD4-AAF9-2B98ADF3BD2E}.Release|ARM.ActiveCfg = Release|Any CPU
		{F00E93AA-B4FF-4BD4-AAF9-2B98ADF3BD2E}.Release|ARM.Build.0 = Release|Any CPU
		{F00E93AA-B4FF-4BD4-AAF9-2B98ADF3BD2E}.Release|x64.ActiveCfg = Release|Any CPU
		{F00E93AA-B4FF-4BD4-AAF9-2B98ADF3BD2E}.Release|x64.Build.0 = Release|Any CPU
		{F00E93AA-B4FF-4BD4-AAF9-2B98ADF3BD2E}.Release|x86.ActiveCfg = Release|Any CPU
		{F00E93AA-B4FF-4BD4-AAF9-2B98ADF3BD2E}.Release|x86.Build.0 = Release|Any CPU
		{F00E93AA-B4FF-4BD4-AAF9-2B98ADF3BD2E}.Test|Any CPU.ActiveCfg = Debug|Any CPU
		{F00E93AA-B4FF-4BD4-AAF9-2B98ADF3BD2E}.Test|Any CPU.Build.0 = Debug|Any CPU
		{F00E93AA-B4FF-4BD4-AAF9-2B98ADF3BD2E}.Test|ARM.ActiveCfg = Debug|Any CPU
		{F00E93AA-B4FF-4BD4-AAF9-2B98ADF3BD2E}.Test|ARM.Build.0 = Debug|Any CPU
		{F00E93AA-B4FF-4BD4-AAF9-2B98ADF3BD2E}.Test|x64.ActiveCfg = Debug|Any CPU
		{F00E93AA-B4FF-4BD4-AAF9-2B98ADF3BD2E}.Test|x64.Build.0 = Debug|Any CPU
		{F00E93AA-B4FF-4BD4-AAF9-2B98ADF3BD2E}.Test|x86.ActiveCfg = Debug|Any CPU
		{F00E93AA-B4FF-4BD4-AAF9-2B98ADF3BD2E}.Test|x86.Build.0 = Debug|Any CPU
		{E93709ED-1DD9-4F0F-BED2-2665CCD16E94}.Debug|Any CPU.ActiveCfg = Debug|Any CPU
		{E93709ED-1DD9-4F0F-BED2-2665CCD16E94}.Debug|Any CPU.Build.0 = Debug|Any CPU
		{E93709ED-1DD9-4F0F-BED2-2665CCD16E94}.Debug|ARM.ActiveCfg = Debug|Any CPU
		{E93709ED-1DD9-4F0F-BED2-2665CCD16E94}.Debug|ARM.Build.0 = Debug|Any CPU
		{E93709ED-1DD9-4F0F-BED2-2665CCD16E94}.Debug|x64.ActiveCfg = Debug|Any CPU
		{E93709ED-1DD9-4F0F-BED2-2665CCD16E94}.Debug|x64.Build.0 = Debug|Any CPU
		{E93709ED-1DD9-4F0F-BED2-2665CCD16E94}.Debug|x86.ActiveCfg = Debug|Any CPU
		{E93709ED-1DD9-4F0F-BED2-2665CCD16E94}.Debug|x86.Build.0 = Debug|Any CPU
		{E93709ED-1DD9-4F0F-BED2-2665CCD16E94}.Release|Any CPU.ActiveCfg = Release|Any CPU
		{E93709ED-1DD9-4F0F-BED2-2665CCD16E94}.Release|ARM.ActiveCfg = Release|Any CPU
		{E93709ED-1DD9-4F0F-BED2-2665CCD16E94}.Release|ARM.Build.0 = Release|Any CPU
		{E93709ED-1DD9-4F0F-BED2-2665CCD16E94}.Release|x64.ActiveCfg = Release|Any CPU
		{E93709ED-1DD9-4F0F-BED2-2665CCD16E94}.Release|x64.Build.0 = Release|Any CPU
		{E93709ED-1DD9-4F0F-BED2-2665CCD16E94}.Release|x86.ActiveCfg = Release|Any CPU
		{E93709ED-1DD9-4F0F-BED2-2665CCD16E94}.Release|x86.Build.0 = Release|Any CPU
		{E93709ED-1DD9-4F0F-BED2-2665CCD16E94}.Test|Any CPU.ActiveCfg = Debug|Any CPU
		{E93709ED-1DD9-4F0F-BED2-2665CCD16E94}.Test|Any CPU.Build.0 = Debug|Any CPU
		{E93709ED-1DD9-4F0F-BED2-2665CCD16E94}.Test|ARM.ActiveCfg = Debug|Any CPU
		{E93709ED-1DD9-4F0F-BED2-2665CCD16E94}.Test|ARM.Build.0 = Debug|Any CPU
		{E93709ED-1DD9-4F0F-BED2-2665CCD16E94}.Test|x64.ActiveCfg = Debug|Any CPU
		{E93709ED-1DD9-4F0F-BED2-2665CCD16E94}.Test|x64.Build.0 = Debug|Any CPU
		{E93709ED-1DD9-4F0F-BED2-2665CCD16E94}.Test|x86.ActiveCfg = Debug|Any CPU
		{E93709ED-1DD9-4F0F-BED2-2665CCD16E94}.Test|x86.Build.0 = Debug|Any CPU
		{AFA9AE3D-4757-43E8-A24D-3CE3FB27B652}.Debug|Any CPU.ActiveCfg = Debug|Any CPU
		{AFA9AE3D-4757-43E8-A24D-3CE3FB27B652}.Debug|Any CPU.Build.0 = Debug|Any CPU
		{AFA9AE3D-4757-43E8-A24D-3CE3FB27B652}.Debug|ARM.ActiveCfg = Debug|Any CPU
		{AFA9AE3D-4757-43E8-A24D-3CE3FB27B652}.Debug|ARM.Build.0 = Debug|Any CPU
		{AFA9AE3D-4757-43E8-A24D-3CE3FB27B652}.Debug|x64.ActiveCfg = Debug|Any CPU
		{AFA9AE3D-4757-43E8-A24D-3CE3FB27B652}.Debug|x64.Build.0 = Debug|Any CPU
		{AFA9AE3D-4757-43E8-A24D-3CE3FB27B652}.Debug|x86.ActiveCfg = Debug|Any CPU
		{AFA9AE3D-4757-43E8-A24D-3CE3FB27B652}.Debug|x86.Build.0 = Debug|Any CPU
		{AFA9AE3D-4757-43E8-A24D-3CE3FB27B652}.Release|Any CPU.ActiveCfg = Release|Any CPU
		{AFA9AE3D-4757-43E8-A24D-3CE3FB27B652}.Release|ARM.ActiveCfg = Release|Any CPU
		{AFA9AE3D-4757-43E8-A24D-3CE3FB27B652}.Release|ARM.Build.0 = Release|Any CPU
		{AFA9AE3D-4757-43E8-A24D-3CE3FB27B652}.Release|x64.ActiveCfg = Release|Any CPU
		{AFA9AE3D-4757-43E8-A24D-3CE3FB27B652}.Release|x64.Build.0 = Release|Any CPU
		{AFA9AE3D-4757-43E8-A24D-3CE3FB27B652}.Release|x86.ActiveCfg = Release|Any CPU
		{AFA9AE3D-4757-43E8-A24D-3CE3FB27B652}.Release|x86.Build.0 = Release|Any CPU
		{AFA9AE3D-4757-43E8-A24D-3CE3FB27B652}.Test|Any CPU.ActiveCfg = Debug|Any CPU
		{AFA9AE3D-4757-43E8-A24D-3CE3FB27B652}.Test|Any CPU.Build.0 = Debug|Any CPU
		{AFA9AE3D-4757-43E8-A24D-3CE3FB27B652}.Test|ARM.ActiveCfg = Debug|Any CPU
		{AFA9AE3D-4757-43E8-A24D-3CE3FB27B652}.Test|ARM.Build.0 = Debug|Any CPU
		{AFA9AE3D-4757-43E8-A24D-3CE3FB27B652}.Test|x64.ActiveCfg = Debug|Any CPU
		{AFA9AE3D-4757-43E8-A24D-3CE3FB27B652}.Test|x64.Build.0 = Debug|Any CPU
		{AFA9AE3D-4757-43E8-A24D-3CE3FB27B652}.Test|x86.ActiveCfg = Debug|Any CPU
		{AFA9AE3D-4757-43E8-A24D-3CE3FB27B652}.Test|x86.Build.0 = Debug|Any CPU
		{463BB507-02D6-4BC3-9BF5-43DE49D72E42}.Debug|Any CPU.ActiveCfg = Debug|Any CPU
		{463BB507-02D6-4BC3-9BF5-43DE49D72E42}.Debug|Any CPU.Build.0 = Debug|Any CPU
		{463BB507-02D6-4BC3-9BF5-43DE49D72E42}.Debug|ARM.ActiveCfg = Debug|Any CPU
		{463BB507-02D6-4BC3-9BF5-43DE49D72E42}.Debug|ARM.Build.0 = Debug|Any CPU
		{463BB507-02D6-4BC3-9BF5-43DE49D72E42}.Debug|x64.ActiveCfg = Debug|Any CPU
		{463BB507-02D6-4BC3-9BF5-43DE49D72E42}.Debug|x64.Build.0 = Debug|Any CPU
		{463BB507-02D6-4BC3-9BF5-43DE49D72E42}.Debug|x86.ActiveCfg = Debug|Any CPU
		{463BB507-02D6-4BC3-9BF5-43DE49D72E42}.Debug|x86.Build.0 = Debug|Any CPU
		{463BB507-02D6-4BC3-9BF5-43DE49D72E42}.Release|Any CPU.ActiveCfg = Release|Any CPU
		{463BB507-02D6-4BC3-9BF5-43DE49D72E42}.Release|ARM.ActiveCfg = Release|Any CPU
		{463BB507-02D6-4BC3-9BF5-43DE49D72E42}.Release|ARM.Build.0 = Release|Any CPU
		{463BB507-02D6-4BC3-9BF5-43DE49D72E42}.Release|x64.ActiveCfg = Release|Any CPU
		{463BB507-02D6-4BC3-9BF5-43DE49D72E42}.Release|x64.Build.0 = Release|Any CPU
		{463BB507-02D6-4BC3-9BF5-43DE49D72E42}.Release|x86.ActiveCfg = Release|Any CPU
		{463BB507-02D6-4BC3-9BF5-43DE49D72E42}.Release|x86.Build.0 = Release|Any CPU
		{463BB507-02D6-4BC3-9BF5-43DE49D72E42}.Test|Any CPU.ActiveCfg = Debug|Any CPU
		{463BB507-02D6-4BC3-9BF5-43DE49D72E42}.Test|Any CPU.Build.0 = Debug|Any CPU
		{463BB507-02D6-4BC3-9BF5-43DE49D72E42}.Test|ARM.ActiveCfg = Debug|Any CPU
		{463BB507-02D6-4BC3-9BF5-43DE49D72E42}.Test|ARM.Build.0 = Debug|Any CPU
		{463BB507-02D6-4BC3-9BF5-43DE49D72E42}.Test|x64.ActiveCfg = Debug|Any CPU
		{463BB507-02D6-4BC3-9BF5-43DE49D72E42}.Test|x64.Build.0 = Debug|Any CPU
		{463BB507-02D6-4BC3-9BF5-43DE49D72E42}.Test|x86.ActiveCfg = Debug|Any CPU
		{463BB507-02D6-4BC3-9BF5-43DE49D72E42}.Test|x86.Build.0 = Debug|Any CPU
		{EF42A0BC-304F-41D7-BEBD-7326547E2736}.Debug|Any CPU.ActiveCfg = Debug|Any CPU
		{EF42A0BC-304F-41D7-BEBD-7326547E2736}.Debug|Any CPU.Build.0 = Debug|Any CPU
		{EF42A0BC-304F-41D7-BEBD-7326547E2736}.Debug|ARM.ActiveCfg = Debug|Any CPU
		{EF42A0BC-304F-41D7-BEBD-7326547E2736}.Debug|ARM.Build.0 = Debug|Any CPU
		{EF42A0BC-304F-41D7-BEBD-7326547E2736}.Debug|x64.ActiveCfg = Debug|Any CPU
		{EF42A0BC-304F-41D7-BEBD-7326547E2736}.Debug|x64.Build.0 = Debug|Any CPU
		{EF42A0BC-304F-41D7-BEBD-7326547E2736}.Debug|x86.ActiveCfg = Debug|Any CPU
		{EF42A0BC-304F-41D7-BEBD-7326547E2736}.Debug|x86.Build.0 = Debug|Any CPU
		{EF42A0BC-304F-41D7-BEBD-7326547E2736}.Release|Any CPU.ActiveCfg = Release|Any CPU
		{EF42A0BC-304F-41D7-BEBD-7326547E2736}.Release|Any CPU.Build.0 = Release|Any CPU
		{EF42A0BC-304F-41D7-BEBD-7326547E2736}.Release|ARM.ActiveCfg = Release|Any CPU
		{EF42A0BC-304F-41D7-BEBD-7326547E2736}.Release|ARM.Build.0 = Release|Any CPU
		{EF42A0BC-304F-41D7-BEBD-7326547E2736}.Release|x64.ActiveCfg = Release|Any CPU
		{EF42A0BC-304F-41D7-BEBD-7326547E2736}.Release|x64.Build.0 = Release|Any CPU
		{EF42A0BC-304F-41D7-BEBD-7326547E2736}.Release|x86.ActiveCfg = Release|Any CPU
		{EF42A0BC-304F-41D7-BEBD-7326547E2736}.Release|x86.Build.0 = Release|Any CPU
		{EF42A0BC-304F-41D7-BEBD-7326547E2736}.Test|Any CPU.ActiveCfg = Debug|Any CPU
		{EF42A0BC-304F-41D7-BEBD-7326547E2736}.Test|Any CPU.Build.0 = Debug|Any CPU
		{EF42A0BC-304F-41D7-BEBD-7326547E2736}.Test|ARM.ActiveCfg = Debug|Any CPU
		{EF42A0BC-304F-41D7-BEBD-7326547E2736}.Test|ARM.Build.0 = Debug|Any CPU
		{EF42A0BC-304F-41D7-BEBD-7326547E2736}.Test|x64.ActiveCfg = Debug|Any CPU
		{EF42A0BC-304F-41D7-BEBD-7326547E2736}.Test|x64.Build.0 = Debug|Any CPU
		{EF42A0BC-304F-41D7-BEBD-7326547E2736}.Test|x86.ActiveCfg = Debug|Any CPU
		{EF42A0BC-304F-41D7-BEBD-7326547E2736}.Test|x86.Build.0 = Debug|Any CPU
	EndGlobalSection
	GlobalSection(SolutionProperties) = preSolution
		HideSolutionNode = FALSE
	EndGlobalSection
	GlobalSection(ExtensibilityGlobals) = postSolution
		SolutionGuid = {6D0D2088-EA84-49B3-95DE-5D366406CF57}
	EndGlobalSection
EndGlobal
